
Microsoft Visual Studio Solution File, Format Version 12.00
# Visual Studio Version 17
VisualStudioVersion = 17.13.35825.156 d17.13
MinimumVisualStudioVersion = 10.0.40219.1
Project("{FAE04EC0-301F-11D3-BF4B-00C04F79EFBC}") = "HospitalAppointmentManagementApp", "HospitalAppointmentManagementApp.csproj", "{49EA1E9D-088B-473E-9D94-13DAADBA86A6}"
EndProject
Global
	GlobalSection(SolutionConfigurationPlatforms) = preSolution
		Debug|Any CPU = Debug|Any CPU
		Release|Any CPU = Release|Any CPU
	EndGlobalSection
	GlobalSection(ProjectConfigurationPlatforms) = postSolution
		{49EA1E9D-088B-473E-9D94-13DAADBA86A6}.Debug|Any CPU.ActiveCfg = Debug|Any CPU
		{49EA1E9D-088B-473E-9D94-13DAADBA86A6}.Debug|Any CPU.Build.0 = Debug|Any CPU
		{49EA1E9D-088B-473E-9D94-13DAADBA86A6}.Release|Any CPU.ActiveCfg = Release|Any CPU
		{49EA1E9D-088B-473E-9D94-13DAADBA86A6}.Release|Any CPU.Build.0 = Release|Any CPU
	EndGlobalSection
	GlobalSection(SolutionProperties) = preSolution
		HideSolutionNode = FALSE
	EndGlobalSection
	GlobalSection(ExtensibilityGlobals) = postSolution
		SolutionGuid = {5D107DB7-F637-4323-8A1C-78E14475EF41}
	EndGlobalSection
EndGlobal
